// !$*UTF8*$!
{
	archiveVersion = 1;
	classes = {
	};
	objectVersion = 56;
	objects = {

/* Begin PBXBuildFile section */
		08856D2A2B205E3F00466AAB /* AppDelegate.swift in Sources */ = {isa = PBXBuildFile; fileRef = 08856D292B205E3F00466AAB /* AppDelegate.swift */; };
		08856D2C2B205E3F00466AAB /* SceneDelegate.swift in Sources */ = {isa = PBXBuildFile; fileRef = 08856D2B2B205E3F00466AAB /* SceneDelegate.swift */; };
		08856D2E2B205E3F00466AAB /* ViewController.swift in Sources */ = {isa = PBXBuildFile; fileRef = 08856D2D2B205E3F00466AAB /* ViewController.swift */; };
		08856D312B205E3F00466AAB /* Main.storyboard in Resources */ = {isa = PBXBuildFile; fileRef = 08856D2F2B205E3F00466AAB /* Main.storyboard */; };
		08856D332B205E4000466AAB /* Assets.xcassets in Resources */ = {isa = PBXBuildFile; fileRef = 08856D322B205E4000466AAB /* Assets.xcassets */; };
		08856D362B205E4000466AAB /* LaunchScreen.storyboard in Resources */ = {isa = PBXBuildFile; fileRef = 08856D342B205E4000466AAB /* LaunchScreen.storyboard */; };
		08856D412B20CFA000466AAB /* SignUpViewController.swift in Sources */ = {isa = PBXBuildFile; fileRef = 08856D402B20CFA000466AAB /* SignUpViewController.swift */; };
		08856D432B20CFAA00466AAB /* LoginViewController.swift in Sources */ = {isa = PBXBuildFile; fileRef = 08856D422B20CFAA00466AAB /* LoginViewController.swift */; };
		08B18E6C2B21B18A00470A35 /* VerificationViewController.swift in Sources */ = {isa = PBXBuildFile; fileRef = 08B18E6B2B21B18A00470A35 /* VerificationViewController.swift */; };
		08B18E6E2B21B6D900470A35 /* ResetPasswordViewController.swift in Sources */ = {isa = PBXBuildFile; fileRef = 08B18E6D2B21B6D900470A35 /* ResetPasswordViewController.swift */; };
		08B18E752B21F7AA00470A35 /* registerViewController.swift in Sources */ = {isa = PBXBuildFile; fileRef = 08B18E732B21F7AA00470A35 /* registerViewController.swift */; };
		08B18E762B21F7AA00470A35 /* HomeViewController.swift in Sources */ = {isa = PBXBuildFile; fileRef = 08B18E742B21F7AA00470A35 /* HomeViewController.swift */; };
		08B18EB02B2711F500470A35 /* TableViewCell.swift in Sources */ = {isa = PBXBuildFile; fileRef = 08B18EAF2B2711F500470A35 /* TableViewCell.swift */; };
		08B18EB22B27134400470A35 /* SecondTableViewCell.swift in Sources */ = {isa = PBXBuildFile; fileRef = 08B18EB12B27134400470A35 /* SecondTableViewCell.swift */; };
		08B18EB42B27210400470A35 /* CollectionViewCell.swift in Sources */ = {isa = PBXBuildFile; fileRef = 08B18EB32B27210400470A35 /* CollectionViewCell.swift */; };
		08B18EB62B27211100470A35 /* SecondCollectionViewCell.swift in Sources */ = {isa = PBXBuildFile; fileRef = 08B18EB52B27211100470A35 /* SecondCollectionViewCell.swift */; };
		08CEDBEF2B275DD6008F3C69 /* ThirdCollectionViewCell.swift in Sources */ = {isa = PBXBuildFile; fileRef = 08CEDBEE2B275DD6008F3C69 /* ThirdCollectionViewCell.swift */; };
		08CEDBF12B28217B008F3C69 /* ThirdTableViewCell.swift in Sources */ = {isa = PBXBuildFile; fileRef = 08CEDBF02B28217B008F3C69 /* ThirdTableViewCell.swift */; };
		08F63C482B28A3F2009B506F /* AddCartViewController.swift in Sources */ = {isa = PBXBuildFile; fileRef = 08F63C472B28A3F2009B506F /* AddCartViewController.swift */; };
		08F63C4C2B299D96009B506F /* PopularViewController.swift in Sources */ = {isa = PBXBuildFile; fileRef = 08F63C4B2B299D96009B506F /* PopularViewController.swift */; };
		08F63C502B29D8F9009B506F /* CartViewController.swift in Sources */ = {isa = PBXBuildFile; fileRef = 08F63C4F2B29D8F9009B506F /* CartViewController.swift */; };
		08F63C522B29DF53009B506F /* OrderViewController.swift in Sources */ = {isa = PBXBuildFile; fileRef = 08F63C512B29DF53009B506F /* OrderViewController.swift */; };
/* End PBXBuildFile section */

/* Begin PBXFileReference section */
		08856D262B205E3F00466AAB /* Food Hub.app */ = {isa = PBXFileReference; explicitFileType = wrapper.application; includeInIndex = 0; path = "Food Hub.app"; sourceTree = BUILT_PRODUCTS_DIR; };
		08856D292B205E3F00466AAB /* AppDelegate.swift */ = {isa = PBXFileReference; lastKnownFileType = sourcecode.swift; path = AppDelegate.swift; sourceTree = "<group>"; };
		08856D2B2B205E3F00466AAB /* SceneDelegate.swift */ = {isa = PBXFileReference; lastKnownFileType = sourcecode.swift; path = SceneDelegate.swift; sourceTree = "<group>"; };
		08856D2D2B205E3F00466AAB /* ViewController.swift */ = {isa = PBXFileReference; lastKnownFileType = sourcecode.swift; path = ViewController.swift; sourceTree = "<group>"; };
		08856D302B205E3F00466AAB /* Base */ = {isa = PBXFileReference; lastKnownFileType = file.storyboard; name = Base; path = Base.lproj/Main.storyboard; sourceTree = "<group>"; };
		08856D322B205E4000466AAB /* Assets.xcassets */ = {isa = PBXFileReference; lastKnownFileType = folder.assetcatalog; path = Assets.xcassets; sourceTree = "<group>"; };
		08856D352B205E4000466AAB /* Base */ = {isa = PBXFileReference; lastKnownFileType = file.storyboard; name = Base; path = Base.lproj/LaunchScreen.storyboard; sourceTree = "<group>"; };
		08856D372B205E4000466AAB /* Info.plist */ = {isa = PBXFileReference; lastKnownFileType = text.plist.xml; path = Info.plist; sourceTree = "<group>"; };
		08856D402B20CFA000466AAB /* SignUpViewController.swift */ = {isa = PBXFileReference; lastKnownFileType = sourcecode.swift; path = SignUpViewController.swift; sourceTree = "<group>"; };
		08856D422B20CFAA00466AAB /* LoginViewController.swift */ = {isa = PBXFileReference; lastKnownFileType = sourcecode.swift; path = LoginViewController.swift; sourceTree = "<group>"; };
		08B18E6B2B21B18A00470A35 /* VerificationViewController.swift */ = {isa = PBXFileReference; lastKnownFileType = sourcecode.swift; path = VerificationViewController.swift; sourceTree = "<group>"; };
		08B18E6D2B21B6D900470A35 /* ResetPasswordViewController.swift */ = {isa = PBXFileReference; lastKnownFileType = sourcecode.swift; path = ResetPasswordViewController.swift; sourceTree = "<group>"; };
		08B18E732B21F7AA00470A35 /* registerViewController.swift */ = {isa = PBXFileReference; fileEncoding = 4; lastKnownFileType = sourcecode.swift; path = registerViewController.swift; sourceTree = "<group>"; };
		08B18E742B21F7AA00470A35 /* HomeViewController.swift */ = {isa = PBXFileReference; fileEncoding = 4; lastKnownFileType = sourcecode.swift; path = HomeViewController.swift; sourceTree = "<group>"; };
		08B18EAF2B2711F500470A35 /* TableViewCell.swift */ = {isa = PBXFileReference; lastKnownFileType = sourcecode.swift; path = TableViewCell.swift; sourceTree = "<group>"; };
		08B18EB12B27134400470A35 /* SecondTableViewCell.swift */ = {isa = PBXFileReference; lastKnownFileType = sourcecode.swift; path = SecondTableViewCell.swift; sourceTree = "<group>"; };
		08B18EB32B27210400470A35 /* CollectionViewCell.swift */ = {isa = PBXFileReference; lastKnownFileType = sourcecode.swift; path = CollectionViewCell.swift; sourceTree = "<group>"; };
		08B18EB52B27211100470A35 /* SecondCollectionViewCell.swift */ = {isa = PBXFileReference; lastKnownFileType = sourcecode.swift; path = SecondCollectionViewCell.swift; sourceTree = "<group>"; };
		08CEDBEE2B275DD6008F3C69 /* ThirdCollectionViewCell.swift */ = {isa = PBXFileReference; lastKnownFileType = sourcecode.swift; path = ThirdCollectionViewCell.swift; sourceTree = "<group>"; };
		08CEDBF02B28217B008F3C69 /* ThirdTableViewCell.swift */ = {isa = PBXFileReference; lastKnownFileType = sourcecode.swift; path = ThirdTableViewCell.swift; sourceTree = "<group>"; };
		08F63C472B28A3F2009B506F /* AddCartViewController.swift */ = {isa = PBXFileReference; fileEncoding = 4; lastKnownFileType = sourcecode.swift; path = AddCartViewController.swift; sourceTree = "<group>"; };
		08F63C4B2B299D96009B506F /* PopularViewController.swift */ = {isa = PBXFileReference; fileEncoding = 4; lastKnownFileType = sourcecode.swift; path = PopularViewController.swift; sourceTree = "<group>"; };
		08F63C4F2B29D8F9009B506F /* CartViewController.swift */ = {isa = PBXFileReference; fileEncoding = 4; lastKnownFileType = sourcecode.swift; path = CartViewController.swift; sourceTree = "<group>"; };
		08F63C512B29DF53009B506F /* OrderViewController.swift */ = {isa = PBXFileReference; lastKnownFileType = sourcecode.swift; path = OrderViewController.swift; sourceTree = "<group>"; };
/* End PBXFileReference section */

/* Begin PBXFrameworksBuildPhase section */
		08856D232B205E3F00466AAB /* Frameworks */ = {
			isa = PBXFrameworksBuildPhase;
			buildActionMask = 2147483647;
			files = (
			);
			runOnlyForDeploymentPostprocessing = 0;
		};
/* End PBXFrameworksBuildPhase section */

/* Begin PBXGroup section */
		08856D1D2B205E3E00466AAB = {
			isa = PBXGroup;
			children = (
				08856D282B205E3F00466AAB /* Food Hub */,
				08856D272B205E3F00466AAB /* Products */,
			);
			sourceTree = "<group>";
		};
		08856D272B205E3F00466AAB /* Products */ = {
			isa = PBXGroup;
			children = (
				08856D262B205E3F00466AAB /* Food Hub.app */,
			);
			name = Products;
			sourceTree = "<group>";
		};
		08856D282B205E3F00466AAB /* Food Hub */ = {
			isa = PBXGroup;
			children = (
				08856D322B205E4000466AAB /* Assets.xcassets */,
				08856D292B205E3F00466AAB /* AppDelegate.swift */,
				08856D2B2B205E3F00466AAB /* SceneDelegate.swift */,
				08856D372B205E4000466AAB /* Info.plist */,
				08B18EAE2B2711DD00470A35 /* Helper */,
				08856D3E2B205E6100466AAB /* ViewControllers */,
			);
			path = "Food Hub";
			sourceTree = "<group>";
		};
		08856D3D2B205E4D00466AAB /* Storyboards */ = {
			isa = PBXGroup;
			children = (
				08856D2F2B205E3F00466AAB /* Main.storyboard */,
				08856D342B205E4000466AAB /* LaunchScreen.storyboard */,
			);
			path = Storyboards;
			sourceTree = "<group>";
		};
		08856D3E2B205E6100466AAB /* ViewControllers */ = {
			isa = PBXGroup;
			children = (
				08856D2D2B205E3F00466AAB /* ViewController.swift */,
				08856D402B20CFA000466AAB /* SignUpViewController.swift */,
				08856D422B20CFAA00466AAB /* LoginViewController.swift */,
				08B18E6B2B21B18A00470A35 /* VerificationViewController.swift */,
				08B18E6D2B21B6D900470A35 /* ResetPasswordViewController.swift */,
				08F63C4F2B29D8F9009B506F /* CartViewController.swift */,
				08F63C512B29DF53009B506F /* OrderViewController.swift */,
				08B18E732B21F7AA00470A35 /* registerViewController.swift */,
				08F63C4B2B299D96009B506F /* PopularViewController.swift */,
				08F63C472B28A3F2009B506F /* AddCartViewController.swift */,
				08B18E772B222F1100470A35 /* homeVC */,
				08856D3D2B205E4D00466AAB /* Storyboards */,
			);
			path = ViewControllers;
			sourceTree = "<group>";
		};
		08B18E772B222F1100470A35 /* homeVC */ = {
			isa = PBXGroup;
			children = (
				08B18E742B21F7AA00470A35 /* HomeViewController.swift */,
			);
			path = homeVC;
			sourceTree = "<group>";
		};
		08B18EAE2B2711DD00470A35 /* Helper */ = {
			isa = PBXGroup;
			children = (
				08B18EAF2B2711F500470A35 /* TableViewCell.swift */,
				08B18EB12B27134400470A35 /* SecondTableViewCell.swift */,
				08CEDBF02B28217B008F3C69 /* ThirdTableViewCell.swift */,
				08B18EB32B27210400470A35 /* CollectionViewCell.swift */,
				08B18EB52B27211100470A35 /* SecondCollectionViewCell.swift */,
				08CEDBEE2B275DD6008F3C69 /* ThirdCollectionViewCell.swift */,
			);
			path = Helper;
			sourceTree = "<group>";
		};
/* End PBXGroup section */

/* Begin PBXNativeTarget section */
		08856D252B205E3F00466AAB /* Food Hub */ = {
			isa = PBXNativeTarget;
			buildConfigurationList = 08856D3A2B205E4000466AAB /* Build configuration list for PBXNativeTarget "Food Hub" */;
			buildPhases = (
				08856D222B205E3F00466AAB /* Sources */,
				08856D232B205E3F00466AAB /* Frameworks */,
				08856D242B205E3F00466AAB /* Resources */,
			);
			buildRules = (
			);
			dependencies = (
			);
			name = "Food Hub";
			productName = "Food Hub";
			productReference = 08856D262B205E3F00466AAB /* Food Hub.app */;
			productType = "com.apple.product-type.application";
		};
/* End PBXNativeTarget section */

/* Begin PBXProject section */
		08856D1E2B205E3E00466AAB /* Project object */ = {
			isa = PBXProject;
			attributes = {
				BuildIndependentTargetsInParallel = 1;
				LastSwiftUpdateCheck = 1500;
				LastUpgradeCheck = 1500;
				TargetAttributes = {
					08856D252B205E3F00466AAB = {
						CreatedOnToolsVersion = 15.0.1;
					};
				};
			};
			buildConfigurationList = 08856D212B205E3E00466AAB /* Build configuration list for PBXProject "Food Hub" */;
			compatibilityVersion = "Xcode 14.0";
			developmentRegion = en;
			hasScannedForEncodings = 0;
			knownRegions = (
				en,
				Base,
			);
			mainGroup = 08856D1D2B205E3E00466AAB;
			productRefGroup = 08856D272B205E3F00466AAB /* Products */;
			projectDirPath = "";
			projectRoot = "";
			targets = (
				08856D252B205E3F00466AAB /* Food Hub */,
			);
		};
/* End PBXProject section */

/* Begin PBXResourcesBuildPhase section */
		08856D242B205E3F00466AAB /* Resources */ = {
			isa = PBXResourcesBuildPhase;
			buildActionMask = 2147483647;
			files = (
				08856D362B205E4000466AAB /* LaunchScreen.storyboard in Resources */,
				08856D332B205E4000466AAB /* Assets.xcassets in Resources */,
				08856D312B205E3F00466AAB /* Main.storyboard in Resources */,
			);
			runOnlyForDeploymentPostprocessing = 0;
		};
/* End PBXResourcesBuildPhase section */

/* Begin PBXSourcesBuildPhase section */
		08856D222B205E3F00466AAB /* Sources */ = {
			isa = PBXSourcesBuildPhase;
			buildActionMask = 2147483647;
			files = (
				08CEDBEF2B275DD6008F3C69 /* ThirdCollectionViewCell.swift in Sources */,
				08B18EB22B27134400470A35 /* SecondTableViewCell.swift in Sources */,
				08CEDBF12B28217B008F3C69 /* ThirdTableViewCell.swift in Sources */,
				08B18EB62B27211100470A35 /* SecondCollectionViewCell.swift in Sources */,
				08B18E6C2B21B18A00470A35 /* VerificationViewController.swift in Sources */,
				08B18EB42B27210400470A35 /* CollectionViewCell.swift in Sources */,
				08856D2E2B205E3F00466AAB /* ViewController.swift in Sources */,
				08856D2A2B205E3F00466AAB /* AppDelegate.swift in Sources */,
				08F63C482B28A3F2009B506F /* AddCartViewController.swift in Sources */,
				08B18E752B21F7AA00470A35 /* registerViewController.swift in Sources */,
				08F63C522B29DF53009B506F /* OrderViewController.swift in Sources */,
				08856D412B20CFA000466AAB /* SignUpViewController.swift in Sources */,
				08B18EB02B2711F500470A35 /* TableViewCell.swift in Sources */,
				08B18E762B21F7AA00470A35 /* HomeViewController.swift in Sources */,
				08856D432B20CFAA00466AAB /* LoginViewController.swift in Sources */,
				08856D2C2B205E3F00466AAB /* SceneDelegate.swift in Sources */,
				08F63C4C2B299D96009B506F /* PopularViewController.swift in Sources */,
				08F63C502B29D8F9009B506F /* CartViewController.swift in Sources */,
				08B18E6E2B21B6D900470A35 /* ResetPasswordViewController.swift in Sources */,
			);
			runOnlyForDeploymentPostprocessing = 0;
		};
/* End PBXSourcesBuildPhase section */

/* Begin PBXVariantGroup section */
		08856D2F2B205E3F00466AAB /* Main.storyboard */ = {
			isa = PBXVariantGroup;
			children = (
				08856D302B205E3F00466AAB /* Base */,
			);
			name = Main.storyboard;
			sourceTree = "<group>";
		};
		08856D342B205E4000466AAB /* LaunchScreen.storyboard */ = {
			isa = PBXVariantGroup;
			children = (
				08856D352B205E4000466AAB /* Base */,
			);
			name = LaunchScreen.storyboard;
			sourceTree = "<group>";
		};
/* End PBXVariantGroup section */

/* Begin XCBuildConfiguration section */
		08856D382B205E4000466AAB /* Debug */ = {
			isa = XCBuildConfiguration;
			buildSettings = {
				ALWAYS_SEARCH_USER_PATHS = NO;
				ASSETCATALOG_COMPILER_GENERATE_SWIFT_ASSET_SYMBOL_EXTENSIONS = YES;
				CLANG_ANALYZER_NONNULL = YES;
				CLANG_ANALYZER_NUMBER_OBJECT_CONVERSION = YES_AGGRESSIVE;
				CLANG_CXX_LANGUAGE_STANDARD = "gnu++20";
				CLANG_ENABLE_MODULES = YES;
				CLANG_ENABLE_OBJC_ARC = YES;
				CLANG_ENABLE_OBJC_WEAK = YES;
				CLANG_WARN_BLOCK_CAPTURE_AUTORELEASING = YES;
				CLANG_WARN_BOOL_CONVERSION = YES;
				CLANG_WARN_COMMA = YES;
				CLANG_WARN_CONSTANT_CONVERSION = YES;
				CLANG_WARN_DEPRECATED_OBJC_IMPLEMENTATIONS = YES;
				CLANG_WARN_DIRECT_OBJC_ISA_USAGE = YES_ERROR;
				CLANG_WARN_DOCUMENTATION_COMMENTS = YES;
				CLANG_WARN_EMPTY_BODY = YES;
				CLANG_WARN_ENUM_CONVERSION = YES;
				CLANG_WARN_INFINITE_RECURSION = YES;
				CLANG_WARN_INT_CONVERSION = YES;
				CLANG_WARN_NON_LITERAL_NULL_CONVERSION = YES;
				CLANG_WARN_OBJC_IMPLICIT_RETAIN_SELF = YES;
				CLANG_WARN_OBJC_LITERAL_CONVERSION = YES;
				CLANG_WARN_OBJC_ROOT_CLASS = YES_ERROR;
				CLANG_WARN_QUOTED_INCLUDE_IN_FRAMEWORK_HEADER = YES;
				CLANG_WARN_RANGE_LOOP_ANALYSIS = YES;
				CLANG_WARN_STRICT_PROTOTYPES = YES;
				CLANG_WARN_SUSPICIOUS_MOVE = YES;
				CLANG_WARN_UNGUARDED_AVAILABILITY = YES_AGGRESSIVE;
				CLANG_WARN_UNREACHABLE_CODE = YES;
				CLANG_WARN__DUPLICATE_METHOD_MATCH = YES;
				COPY_PHASE_STRIP = NO;
				DEBUG_INFORMATION_FORMAT = dwarf;
				ENABLE_STRICT_OBJC_MSGSEND = YES;
				ENABLE_TESTABILITY = YES;
				ENABLE_USER_SCRIPT_SANDBOXING = YES;
				GCC_C_LANGUAGE_STANDARD = gnu17;
				GCC_DYNAMIC_NO_PIC = NO;
				GCC_NO_COMMON_BLOCKS = YES;
				GCC_OPTIMIZATION_LEVEL = 0;
				GCC_PREPROCESSOR_DEFINITIONS = (
					"DEBUG=1",
					"$(inherited)",
				);
				GCC_WARN_64_TO_32_BIT_CONVERSION = YES;
				GCC_WARN_ABOUT_RETURN_TYPE = YES_ERROR;
				GCC_WARN_UNDECLARED_SELECTOR = YES;
				GCC_WARN_UNINITIALIZED_AUTOS = YES_AGGRESSIVE;
				GCC_WARN_UNUSED_FUNCTION = YES;
				GCC_WARN_UNUSED_VARIABLE = YES;
				IPHONEOS_DEPLOYMENT_TARGET = 17.0;
				LOCALIZATION_PREFERS_STRING_CATALOGS = YES;
				MTL_ENABLE_DEBUG_INFO = INCLUDE_SOURCE;
				MTL_FAST_MATH = YES;
				ONLY_ACTIVE_ARCH = YES;
				SDKROOT = iphoneos;
				SWIFT_ACTIVE_COMPILATION_CONDITIONS = "DEBUG $(inherited)";
				SWIFT_OPTIMIZATION_LEVEL = "-Onone";
			};
			name = Debug;
		};
		08856D392B205E4000466AAB /* Release */ = {
			isa = XCBuildConfiguration;
			buildSettings = {
				ALWAYS_SEARCH_USER_PATHS = NO;
				ASSETCATALOG_COMPILER_GENERATE_SWIFT_ASSET_SYMBOL_EXTENSIONS = YES;
				CLANG_ANALYZER_NONNULL = YES;
				CLANG_ANALYZER_NUMBER_OBJECT_CONVERSION = YES_AGGRESSIVE;
				CLANG_CXX_LANGUAGE_STANDARD = "gnu++20";
				CLANG_ENABLE_MODULES = YES;
				CLANG_ENABLE_OBJC_ARC = YES;
				CLANG_ENABLE_OBJC_WEAK = YES;
				CLANG_WARN_BLOCK_CAPTURE_AUTORELEASING = YES;
				CLANG_WARN_BOOL_CONVERSION = YES;
				CLANG_WARN_COMMA = YES;
				CLANG_WARN_CONSTANT_CONVERSION = YES;
				CLANG_WARN_DEPRECATED_OBJC_IMPLEMENTATIONS = YES;
				CLANG_WARN_DIRECT_OBJC_ISA_USAGE = YES_ERROR;
				CLANG_WARN_DOCUMENTATION_COMMENTS = YES;
				CLANG_WARN_EMPTY_BODY = YES;
				CLANG_WARN_ENUM_CONVERSION = YES;
				CLANG_WARN_INFINITE_RECURSION = YES;
				CLANG_WARN_INT_CONVERSION = YES;
				CLANG_WARN_NON_LITERAL_NULL_CONVERSION = YES;
				CLANG_WARN_OBJC_IMPLICIT_RETAIN_SELF = YES;
				CLANG_WARN_OBJC_LITERAL_CONVERSION = YES;
				CLANG_WARN_OBJC_ROOT_CLASS = YES_ERROR;
				CLANG_WARN_QUOTED_INCLUDE_IN_FRAMEWORK_HEADER = YES;
				CLANG_WARN_RANGE_LOOP_ANALYSIS = YES;
				CLANG_WARN_STRICT_PROTOTYPES = YES;
				CLANG_WARN_SUSPICIOUS_MOVE = YES;
				CLANG_WARN_UNGUARDED_AVAILABILITY = YES_AGGRESSIVE;
				CLANG_WARN_UNREACHABLE_CODE = YES;
				CLANG_WARN__DUPLICATE_METHOD_MATCH = YES;
				COPY_PHASE_STRIP = NO;
				DEBUG_INFORMATION_FORMAT = "dwarf-with-dsym";
				ENABLE_NS_ASSERTIONS = NO;
				ENABLE_STRICT_OBJC_MSGSEND = YES;
				ENABLE_USER_SCRIPT_SANDBOXING = YES;
				GCC_C_LANGUAGE_STANDARD = gnu17;
				GCC_NO_COMMON_BLOCKS = YES;
				GCC_WARN_64_TO_32_BIT_CONVERSION = YES;
				GCC_WARN_ABOUT_RETURN_TYPE = YES_ERROR;
				GCC_WARN_UNDECLARED_SELECTOR = YES;
				GCC_WARN_UNINITIALIZED_AUTOS = YES_AGGRESSIVE;
				GCC_WARN_UNUSED_FUNCTION = YES;
				GCC_WARN_UNUSED_VARIABLE = YES;
				IPHONEOS_DEPLOYMENT_TARGET = 17.0;
				LOCALIZATION_PREFERS_STRING_CATALOGS = YES;
				MTL_ENABLE_DEBUG_INFO = NO;
				MTL_FAST_MATH = YES;
				SDKROOT = iphoneos;
				SWIFT_COMPILATION_MODE = wholemodule;
				VALIDATE_PRODUCT = YES;
			};
			name = Release;
		};
		08856D3B2B205E4000466AAB /* Debug */ = {
			isa = XCBuildConfiguration;
			buildSettings = {
				ASSETCATALOG_COMPILER_APPICON_NAME = AppIcon;
				ASSETCATALOG_COMPILER_GLOBAL_ACCENT_COLOR_NAME = AccentColor;
				CODE_SIGN_STYLE = Automatic;
				CURRENT_PROJECT_VERSION = 1;
				DEVELOPMENT_TEAM = 4HM89MKD36;
				GENERATE_INFOPLIST_FILE = YES;
				INFOPLIST_FILE = "Food Hub/Info.plist";
				INFOPLIST_KEY_UIApplicationSupportsIndirectInputEvents = YES;
				INFOPLIST_KEY_UILaunchStoryboardName = LaunchScreen;
				INFOPLIST_KEY_UIMainStoryboardFile = Main;
				INFOPLIST_KEY_UISupportedInterfaceOrientations_iPad = "UIInterfaceOrientationPortrait UIInterfaceOrientationPortraitUpsideDown UIInterfaceOrientationLandscapeLeft UIInterfaceOrientationLandscapeRight";
				INFOPLIST_KEY_UISupportedInterfaceOrientations_iPhone = "UIInterfaceOrientationPortrait UIInterfaceOrientationLandscapeLeft UIInterfaceOrientationLandscapeRight";
				LD_RUNPATH_SEARCH_PATHS = (
					"$(inherited)",
					"@executable_path/Frameworks",
				);
				MARKETING_VERSION = 1.0;
				PRODUCT_BUNDLE_IDENTIFIER = "food.com.Food-Hub";
				PRODUCT_NAME = "$(TARGET_NAME)";
				SWIFT_EMIT_LOC_STRINGS = YES;
				SWIFT_VERSION = 5.0;
				TARGETED_DEVICE_FAMILY = "1,2";
			};
			name = Debug;
		};
		08856D3C2B205E4000466AAB /* Release */ = {
			isa = XCBuildConfiguration;
			buildSettings = {
				ASSETCATALOG_COMPILER_APPICON_NAME = AppIcon;
				ASSETCATALOG_COMPILER_GLOBAL_ACCENT_COLOR_NAME = AccentColor;
				CODE_SIGN_STYLE = Automatic;
				CURRENT_PROJECT_VERSION = 1;
				DEVELOPMENT_TEAM = 4HM89MKD36;
				GENERATE_INFOPLIST_FILE = YES;
				INFOPLIST_FILE = "Food Hub/Info.plist";
				INFOPLIST_KEY_UIApplicationSupportsIndirectInputEvents = YES;
				INFOPLIST_KEY_UILaunchStoryboardName = LaunchScreen;
				INFOPLIST_KEY_UIMainStoryboardFile = Main;
				INFOPLIST_KEY_UISupportedInterfaceOrientations_iPad = "UIInterfaceOrientationPortrait UIInterfaceOrientationPortraitUpsideDown UIInterfaceOrientationLandscapeLeft UIInterfaceOrientationLandscapeRight";
				INFOPLIST_KEY_UISupportedInterfaceOrientations_iPhone = "UIInterfaceOrientationPortrait UIInterfaceOrientationLandscapeLeft UIInterfaceOrientationLandscapeRight";
				LD_RUNPATH_SEARCH_PATHS = (
					"$(inherited)",
					"@executable_path/Frameworks",
				);
				MARKETING_VERSION = 1.0;
				PRODUCT_BUNDLE_IDENTIFIER = "food.com.Food-Hub";
				PRODUCT_NAME = "$(TARGET_NAME)";
				SWIFT_EMIT_LOC_STRINGS = YES;
				SWIFT_VERSION = 5.0;
				TARGETED_DEVICE_FAMILY = "1,2";
			};
			name = Release;
		};
/* End XCBuildConfiguration section */

/* Begin XCConfigurationList section */
		08856D212B205E3E00466AAB /* Build configuration list for PBXProject "Food Hub" */ = {
			isa = XCConfigurationList;
			buildConfigurations = (
				08856D382B205E4000466AAB /* Debug */,
				08856D392B205E4000466AAB /* Release */,
			);
			defaultConfigurationIsVisible = 0;
			defaultConfigurationName = Release;
		};
		08856D3A2B205E4000466AAB /* Build configuration list for PBXNativeTarget "Food Hub" */ = {
			isa = XCConfigurationList;
			buildConfigurations = (
				08856D3B2B205E4000466AAB /* Debug */,
				08856D3C2B205E4000466AAB /* Release */,
			);
			defaultConfigurationIsVisible = 0;
			defaultConfigurationName = Release;
		};
/* End XCConfigurationList section */
	};
	rootObject = 08856D1E2B205E3E00466AAB /* Project object */;
}
